
Microsoft Visual Studio Solution File, Format Version 12.00
# Visual Studio Version 17
VisualStudioVersion = 17.3.32922.545
MinimumVisualStudioVersion = 10.0.40219.1
Project("{9A19103F-16F7-4668-BE54-9A1E7A4F7556}") = "tidewater-comp-2023", "tidewater-comp-2023\tidewater-comp-2023.csproj", "{BD63CCE1-20E0-4475-AAB8-44943BAAB91A}"
EndProject
Global
	GlobalSection(SolutionConfigurationPlatforms) = preSolution
		Debug|Any CPU = Debug|Any CPU
		Release|Any CPU = Release|Any CPU
	EndGlobalSection
	GlobalSection(ProjectConfigurationPlatforms) = postSolution
		{BD63CCE1-20E0-4475-AAB8-44943BAAB91A}.Debug|Any CPU.ActiveCfg = Debug|Any CPU
		{BD63CCE1-20E0-4475-AAB8-44943BAAB91A}.Debug|Any CPU.Build.0 = Debug|Any CPU
		{BD63CCE1-20E0-4475-AAB8-44943BAAB91A}.Debug|Any CPU.Deploy.0 = Debug|Any CPU
		{BD63CCE1-20E0-4475-AAB8-44943BAAB91A}.Release|Any CPU.ActiveCfg = Release|Any CPU
		{BD63CCE1-20E0-4475-AAB8-44943BAAB91A}.Release|Any CPU.Build.0 = Release|Any CPU
	EndGlobalSection
	GlobalSection(SolutionProperties) = preSolution
		HideSolutionNode = FALSE
	EndGlobalSection
	GlobalSection(ExtensibilityGlobals) = postSolution
		SolutionGuid = {6CF62D49-D7DB-4F47-BA69-F818719D6723}
	EndGlobalSection
EndGlobal
